PODS:
  - Alamofire (4.8.0)
  - DZNEmptyDataSet (1.8.1)

DEPENDENCIES:
  - Alamofire (~> 4.7)
  - DZNEmptyDataSet

SPEC REPOS:
  https://github.com/cocoapods/specs.git:
    - Alamofire
    - DZNEmptyDataSet

SPEC CHECKSUMS:
  Alamofire: 3ec537f71edc9804815215393ae2b1a8ea33a844
  DZNEmptyDataSet: 9525833b9e68ac21c30253e1d3d7076cc828eaa7

PODFILE CHECKSUM: c23901bdb82b48d104f621bbe03c3bd4c254a0d4

COCOAPODS: 1.6.0.beta.1
